{
  "name": "bernard-web",
  "version": "1.0.0",
  "lockfileVersion": 1,
  "requires": true,
  "dependencies": {
    "esbuild": {
      "version": "0.12.8",
      "resolved": "https://registry.npmjs.org/esbuild/-/esbuild-0.12.8.tgz",
      "integrity": "sha512-sx/LwlP/SWTGsd9G4RlOPrXnIihAJ2xwBUmzoqe2nWwbXORMQWtAGNJNYLBJJqa3e9PWvVzxdrtyFZJcr7D87g=="
    },
    "preact": {
      "version": "10.5.13",
      "resolved": "https://registry.npmjs.org/preact/-/preact-10.5.13.tgz",
      "integrity": "sha512-q/vlKIGNwzTLu+jCcvywgGrt+H/1P/oIRSD6mV4ln3hmlC+Aa34C7yfPI4+5bzW8pONyVXYS7SvXosy2dKKtWQ=="
    },
    "preact-router": {
      "version": "3.2.1",
      "resolved": "https://registry.npmjs.org/preact-router/-/preact-router-3.2.1.tgz",
      "integrity": "sha512-KEN2VN1DxUlTwzW5IFkF13YIA2OdQ2OvgJTkQREF+AA2NrHRLaGbB68EjS4IeZOa1shvQ1FvEm3bSLta4sXBhg=="
    }
  }
}
